
Microsoft Visual Studio Solution File, Format Version 12.00
# Visual Studio Version 17
VisualStudioVersion = 17.0.31903.59
MinimumVisualStudioVersion = 10.0.40219.1
Project("{2150E333-8FDC-42A3-9474-1A3956D46DE8}") = "src", "src", "{827E0CD3-B72D-47B6-A68D-7590B98EB39B}"
EndProject
Project("{FAE04EC0-301F-11D3-BF4B-00C04F79EFBC}") = "Fcg.Identity.Api", "src\Fcg.Identity.Api\Fcg.Identity.Api.csproj", "{E6CB14BA-27D8-4905-80EC-4B28CBF0AEA7}"
EndProject
Project("{FAE04EC0-301F-11D3-BF4B-00C04F79EFBC}") = "Fcg.Identity.Domain", "src\Fcg.Identity.Domain\Fcg.Identity.Domain.csproj", "{714FCD21-54B1-4C68-8543-3BA07A3AD64E}"
EndProject
Project("{FAE04EC0-301F-11D3-BF4B-00C04F79EFBC}") = "Fcg.Identity.Infrastructure", "src\Fcg.Identity.Infrastructure\Fcg.Identity.Infrastructure.csproj", "{8AFB40C3-7F73-40CA-A4DC-4090155584C2}"
EndProject
Project("{FAE04EC0-301F-11D3-BF4B-00C04F79EFBC}") = "Fcg.Identity.Shared", "src\Fcg.Identity.Shared\Fcg.Identity.Shared.csproj", "{D70542B8-06E7-4128-8959-4A522103FB5C}"
EndProject
Project("{FAE04EC0-301F-11D3-BF4B-00C04F79EFBC}") = "Fcg.Identity.Tests", "src\Fcg.Identity.Tests\Fcg.Identity.Tests.csproj", "{B4EAF23E-9CB6-4C17-83CA-C0CB784D990F}"
EndProject
Global
	GlobalSection(SolutionConfigurationPlatforms) = preSolution
		Debug|Any CPU = Debug|Any CPU
		Debug|x64 = Debug|x64
		Debug|x86 = Debug|x86
		Release|Any CPU = Release|Any CPU
		Release|x64 = Release|x64
		Release|x86 = Release|x86
	EndGlobalSection
	GlobalSection(ProjectConfigurationPlatforms) = postSolution
		{E6CB14BA-27D8-4905-80EC-4B28CBF0AEA7}.Debug|Any CPU.ActiveCfg = Debug|Any CPU
		{E6CB14BA-27D8-4905-80EC-4B28CBF0AEA7}.Debug|Any CPU.Build.0 = Debug|Any CPU
		{E6CB14BA-27D8-4905-80EC-4B28CBF0AEA7}.Debug|x64.ActiveCfg = Debug|Any CPU
		{E6CB14BA-27D8-4905-80EC-4B28CBF0AEA7}.Debug|x64.Build.0 = Debug|Any CPU
		{E6CB14BA-27D8-4905-80EC-4B28CBF0AEA7}.Debug|x86.ActiveCfg = Debug|Any CPU
		{E6CB14BA-27D8-4905-80EC-4B28CBF0AEA7}.Debug|x86.Build.0 = Debug|Any CPU
		{E6CB14BA-27D8-4905-80EC-4B28CBF0AEA7}.Release|Any CPU.ActiveCfg = Release|Any CPU
		{E6CB14BA-27D8-4905-80EC-4B28CBF0AEA7}.Release|Any CPU.Build.0 = Release|Any CPU
		{E6CB14BA-27D8-4905-80EC-4B28CBF0AEA7}.Release|x64.ActiveCfg = Release|Any CPU
		{E6CB14BA-27D8-4905-80EC-4B28CBF0AEA7}.Release|x64.Build.0 = Release|Any CPU
		{E6CB14BA-27D8-4905-80EC-4B28CBF0AEA7}.Release|x86.ActiveCfg = Release|Any CPU
		{E6CB14BA-27D8-4905-80EC-4B28CBF0AEA7}.Release|x86.Build.0 = Release|Any CPU
		{714FCD21-54B1-4C68-8543-3BA07A3AD64E}.Debug|Any CPU.ActiveCfg = Debug|Any CPU
		{714FCD21-54B1-4C68-8543-3BA07A3AD64E}.Debug|Any CPU.Build.0 = Debug|Any CPU
		{714FCD21-54B1-4C68-8543-3BA07A3AD64E}.Debug|x64.ActiveCfg = Debug|Any CPU
		{714FCD21-54B1-4C68-8543-3BA07A3AD64E}.Debug|x64.Build.0 = Debug|Any CPU
		{714FCD21-54B1-4C68-8543-3BA07A3AD64E}.Debug|x86.ActiveCfg = Debug|Any CPU
		{714FCD21-54B1-4C68-8543-3BA07A3AD64E}.Debug|x86.Build.0 = Debug|Any CPU
		{714FCD21-54B1-4C68-8543-3BA07A3AD64E}.Release|Any CPU.ActiveCfg = Release|Any CPU
		{714FCD21-54B1-4C68-8543-3BA07A3AD64E}.Release|Any CPU.Build.0 = Release|Any CPU
		{714FCD21-54B1-4C68-8543-3BA07A3AD64E}.Release|x64.ActiveCfg = Release|Any CPU
		{714FCD21-54B1-4C68-8543-3BA07A3AD64E}.Release|x64.Build.0 = Release|Any CPU
		{714FCD21-54B1-4C68-8543-3BA07A3AD64E}.Release|x86.ActiveCfg = Release|Any CPU
		{714FCD21-54B1-4C68-8543-3BA07A3AD64E}.Release|x86.Build.0 = Release|Any CPU
		{8AFB40C3-7F73-40CA-A4DC-4090155584C2}.Debug|Any CPU.ActiveCfg = Debug|Any CPU
		{8AFB40C3-7F73-40CA-A4DC-4090155584C2}.Debug|Any CPU.Build.0 = Debug|Any CPU
		{8AFB40C3-7F73-40CA-A4DC-4090155584C2}.Debug|x64.ActiveCfg = Debug|Any CPU
		{8AFB40C3-7F73-40CA-A4DC-4090155584C2}.Debug|x64.Build.0 = Debug|Any CPU
		{8AFB40C3-7F73-40CA-A4DC-4090155584C2}.Debug|x86.ActiveCfg = Debug|Any CPU
		{8AFB40C3-7F73-40CA-A4DC-4090155584C2}.Debug|x86.Build.0 = Debug|Any CPU
		{8AFB40C3-7F73-40CA-A4DC-4090155584C2}.Release|Any CPU.ActiveCfg = Release|Any CPU
		{8AFB40C3-7F73-40CA-A4DC-4090155584C2}.Release|Any CPU.Build.0 = Release|Any CPU
		{8AFB40C3-7F73-40CA-A4DC-4090155584C2}.Release|x64.ActiveCfg = Release|Any CPU
		{8AFB40C3-7F73-40CA-A4DC-4090155584C2}.Release|x64.Build.0 = Release|Any CPU
		{8AFB40C3-7F73-40CA-A4DC-4090155584C2}.Release|x86.ActiveCfg = Release|Any CPU
		{8AFB40C3-7F73-40CA-A4DC-4090155584C2}.Release|x86.Build.0 = Release|Any CPU
		{D70542B8-06E7-4128-8959-4A522103FB5C}.Debug|Any CPU.ActiveCfg = Debug|Any CPU
		{D70542B8-06E7-4128-8959-4A522103FB5C}.Debug|Any CPU.Build.0 = Debug|Any CPU
		{D70542B8-06E7-4128-8959-4A522103FB5C}.Debug|x64.ActiveCfg = Debug|Any CPU
		{D70542B8-06E7-4128-8959-4A522103FB5C}.Debug|x64.Build.0 = Debug|Any CPU
		{D70542B8-06E7-4128-8959-4A522103FB5C}.Debug|x86.ActiveCfg = Debug|Any CPU
		{D70542B8-06E7-4128-8959-4A522103FB5C}.Debug|x86.Build.0 = Debug|Any CPU
		{D70542B8-06E7-4128-8959-4A522103FB5C}.Release|Any CPU.ActiveCfg = Release|Any CPU
		{D70542B8-06E7-4128-8959-4A522103FB5C}.Release|Any CPU.Build.0 = Release|Any CPU
		{D70542B8-06E7-4128-8959-4A522103FB5C}.Release|x64.ActiveCfg = Release|Any CPU
		{D70542B8-06E7-4128-8959-4A522103FB5C}.Release|x64.Build.0 = Release|Any CPU
		{D70542B8-06E7-4128-8959-4A522103FB5C}.Release|x86.ActiveCfg = Release|Any CPU
		{D70542B8-06E7-4128-8959-4A522103FB5C}.Release|x86.Build.0 = Release|Any CPU
		{B4EAF23E-9CB6-4C17-83CA-C0CB784D990F}.Debug|Any CPU.ActiveCfg = Debug|Any CPU
		{B4EAF23E-9CB6-4C17-83CA-C0CB784D990F}.Debug|Any CPU.Build.0 = Debug|Any CPU
		{B4EAF23E-9CB6-4C17-83CA-C0CB784D990F}.Debug|x64.ActiveCfg = Debug|Any CPU
		{B4EAF23E-9CB6-4C17-83CA-C0CB784D990F}.Debug|x64.Build.0 = Debug|Any CPU
		{B4EAF23E-9CB6-4C17-83CA-C0CB784D990F}.Debug|x86.ActiveCfg = Debug|Any CPU
		{B4EAF23E-9CB6-4C17-83CA-C0CB784D990F}.Debug|x86.Build.0 = Debug|Any CPU
		{B4EAF23E-9CB6-4C17-83CA-C0CB784D990F}.Release|Any CPU.ActiveCfg = Release|Any CPU
		{B4EAF23E-9CB6-4C17-83CA-C0CB784D990F}.Release|Any CPU.Build.0 = Release|Any CPU
		{B4EAF23E-9CB6-4C17-83CA-C0CB784D990F}.Release|x64.ActiveCfg = Release|Any CPU
		{B4EAF23E-9CB6-4C17-83CA-C0CB784D990F}.Release|x64.Build.0 = Release|Any CPU
		{B4EAF23E-9CB6-4C17-83CA-C0CB784D990F}.Release|x86.ActiveCfg = Release|Any CPU
		{B4EAF23E-9CB6-4C17-83CA-C0CB784D990F}.Release|x86.Build.0 = Release|Any CPU
	EndGlobalSection
	GlobalSection(SolutionProperties) = preSolution
		HideSolutionNode = FALSE
	EndGlobalSection
	GlobalSection(NestedProjects) = preSolution
		{E6CB14BA-27D8-4905-80EC-4B28CBF0AEA7} = {827E0CD3-B72D-47B6-A68D-7590B98EB39B}
		{714FCD21-54B1-4C68-8543-3BA07A3AD64E} = {827E0CD3-B72D-47B6-A68D-7590B98EB39B}
		{8AFB40C3-7F73-40CA-A4DC-4090155584C2} = {827E0CD3-B72D-47B6-A68D-7590B98EB39B}
		{D70542B8-06E7-4128-8959-4A522103FB5C} = {827E0CD3-B72D-47B6-A68D-7590B98EB39B}
		{B4EAF23E-9CB6-4C17-83CA-C0CB784D990F} = {827E0CD3-B72D-47B6-A68D-7590B98EB39B}
	EndGlobalSection
EndGlobal
